
Microsoft Visual Studio Solution File, Format Version 12.00
# Visual Studio Version 17
VisualStudioVersion = 17.5.002.0
MinimumVisualStudioVersion = 10.0.40219.1
Project("{9A19103F-16F7-4668-BE54-9A1E7A4F7556}") = "Task1HW", "Task1HW\Task1HW.csproj", "{D58B96DB-4F2E-4DA8-A9DC-C15A002B88DC}"
EndProject
Global
	GlobalSection(SolutionConfigurationPlatforms) = preSolution
		Debug|Any CPU = Debug|Any CPU
		Release|Any CPU = Release|Any CPU
	EndGlobalSection
	GlobalSection(ProjectConfigurationPlatforms) = postSolution
		{D58B96DB-4F2E-4DA8-A9DC-C15A002B88DC}.Debug|Any CPU.ActiveCfg = Debug|Any CPU
		{D58B96DB-4F2E-4DA8-A9DC-C15A002B88DC}.Debug|Any CPU.Build.0 = Debug|Any CPU
		{D58B96DB-4F2E-4DA8-A9DC-C15A002B88DC}.Release|Any CPU.ActiveCfg = Release|Any CPU
		{D58B96DB-4F2E-4DA8-A9DC-C15A002B88DC}.Release|Any CPU.Build.0 = Release|Any CPU
	EndGlobalSection
	GlobalSection(SolutionProperties) = preSolution
		HideSolutionNode = FALSE
	EndGlobalSection
	GlobalSection(ExtensibilityGlobals) = postSolution
		SolutionGuid = {DCCEDEDA-FE51-4235-80B9-DAC32DBBC928}
	EndGlobalSection
EndGlobal
